// !$*UTF8*$!
{
	archiveVersion = 1;
	classes = {
	};
	objectVersion = 46;
	objects = {

/* Begin PBXBuildFile section */
		2DDE05FB1C3D5EB60063D0A6 /* AppDelegate.swift in Sources */ = {isa = PBXBuildFile; fileRef = 2DDE05FA1C3D5EB60063D0A6 /* AppDelegate.swift */; };
		2DDE06001C3D5EB60063D0A6 /* Main.storyboard in Resources */ = {isa = PBXBuildFile; fileRef = 2DDE05FE1C3D5EB60063D0A6 /* Main.storyboard */; };
		2DDE06021C3D5EB60063D0A6 /* Assets.xcassets in Resources */ = {isa = PBXBuildFile; fileRef = 2DDE06011C3D5EB60063D0A6 /* Assets.xcassets */; };
		2DDE06051C3D5EB60063D0A6 /* LaunchScreen.storyboard in Resources */ = {isa = PBXBuildFile; fileRef = 2DDE06031C3D5EB60063D0A6 /* LaunchScreen.storyboard */; };
		2DDE060F1C3D83EA0063D0A6 /* MainViewController.swift in Sources */ = {isa = PBXBuildFile; fileRef = 2DDE060E1C3D83EA0063D0A6 /* MainViewController.swift */; };
		2DDE06151C3DAF1D0063D0A6 /* UserPreference.swift in Sources */ = {isa = PBXBuildFile; fileRef = 2DDE06141C3DAF1D0063D0A6 /* UserPreference.swift */; };
/* End PBXBuildFile section */

/* Begin PBXFileReference section */
		2DDE05F71C3D5EB60063D0A6 /* tips.app */ = {isa = PBXFileReference; explicitFileType = wrapper.application; includeInIndex = 0; path = tips.app; sourceTree = BUILT_PRODUCTS_DIR; };
		2DDE05FA1C3D5EB60063D0A6 /* AppDelegate.swift */ = {isa = PBXFileReference; lastKnownFileType = sourcecode.swift; path = AppDelegate.swift; sourceTree = "<group>"; };
		2DDE05FF1C3D5EB60063D0A6 /* Base */ = {isa = PBXFileReference; lastKnownFileType = file.storyboard; name = Base; path = Base.lproj/Main.storyboard; sourceTree = "<group>"; };
		2DDE06011C3D5EB60063D0A6 /* Assets.xcassets */ = {isa = PBXFileReference; lastKnownFileType = folder.assetcatalog; path = Assets.xcassets; sourceTree = "<group>"; };
		2DDE06041C3D5EB60063D0A6 /* Base */ = {isa = PBXFileReference; lastKnownFileType = file.storyboard; name = Base; path = Base.lproj/LaunchScreen.storyboard; sourceTree = "<group>"; };
		2DDE06061C3D5EB60063D0A6 /* Info.plist */ = {isa = PBXFileReference; lastKnownFileType = text.plist.xml; path = Info.plist; sourceTree = "<group>"; };
		2DDE060E1C3D83EA0063D0A6 /* MainViewController.swift */ = {isa = PBXFileReference; fileEncoding = 4; lastKnownFileType = sourcecode.swift; path = MainViewController.swift; sourceTree = "<group>"; };
		2DDE06141C3DAF1D0063D0A6 /* UserPreference.swift */ = {isa = PBXFileReference; fileEncoding = 4; lastKnownFileType = sourcecode.swift; path = UserPreference.swift; sourceTree = "<group>"; };
/* End PBXFileReference section */

/* Begin PBXFrameworksBuildPhase section */
		2DDE05F41C3D5EB60063D0A6 /* Frameworks */ = {
			isa = PBXFrameworksBuildPhase;
			buildActionMask = 2147483647;
			files = (
			);
			runOnlyForDeploymentPostprocessing = 0;
		};
/* End PBXFrameworksBuildPhase section */

/* Begin PBXGroup section */
		2DDE05EE1C3D5EB60063D0A6 = {
			isa = PBXGroup;
			children = (
				2DDE05F91C3D5EB60063D0A6 /* tips */,
				2DDE05F81C3D5EB60063D0A6 /* Products */,
			);
			sourceTree = "<group>";
		};
		2DDE05F81C3D5EB60063D0A6 /* Products */ = {
			isa = PBXGroup;
			children = (
				2DDE05F71C3D5EB60063D0A6 /* tips.app */,
			);
			name = Products;
			sourceTree = "<group>";
		};
		2DDE05F91C3D5EB60063D0A6 /* tips */ = {
			isa = PBXGroup;
			children = (
				2DDE05FA1C3D5EB60063D0A6 /* AppDelegate.swift */,
				2DDE05FE1C3D5EB60063D0A6 /* Main.storyboard */,
				2DDE06011C3D5EB60063D0A6 /* Assets.xcassets */,
				2DDE06031C3D5EB60063D0A6 /* LaunchScreen.storyboard */,
				2DDE06061C3D5EB60063D0A6 /* Info.plist */,
				2DDE060E1C3D83EA0063D0A6 /* MainViewController.swift */,
				2DDE06141C3DAF1D0063D0A6 /* UserPreference.swift */,
			);
			path = tips;
			sourceTree = "<group>";
		};
/* End PBXGroup section */

/* Begin PBXNativeTarget section */
		2DDE05F61C3D5EB60063D0A6 /* tips */ = {
			isa = PBXNativeTarget;
			buildConfigurationList = 2DDE06091C3D5EB60063D0A6 /* Build configuration list for PBXNativeTarget "tips" */;
			buildPhases = (
				2DDE05F31C3D5EB60063D0A6 /* Sources */,
				2DDE05F41C3D5EB60063D0A6 /* Frameworks */,
				2DDE05F51C3D5EB60063D0A6 /* Resources */,
			);
			buildRules = (
			);
			dependencies = (
			);
			name = tips;
			productName = tips;
			productReference = 2DDE05F71C3D5EB60063D0A6 /* tips.app */;
			productType = "com.apple.product-type.application";
		};
/* End PBXNativeTarget section */

/* Begin PBXProject section */
		2DDE05EF1C3D5EB60063D0A6 /* Project object */ = {
			isa = PBXProject;
			attributes = {
				LastSwiftUpdateCheck = 0720;
				LastUpgradeCheck = 0720;
				ORGANIZATIONNAME = "matthis-perrin";
				TargetAttributes = {
					2DDE05F61C3D5EB60063D0A6 = {
						CreatedOnToolsVersion = 7.2;
					};
				};
			};
			buildConfigurationList = 2DDE05F21C3D5EB60063D0A6 /* Build configuration list for PBXProject "tips" */;
			compatibilityVersion = "Xcode 3.2";
			developmentRegion = English;
			hasScannedForEncodings = 0;
			knownRegions = (
				en,
				Base,
			);
			mainGroup = 2DDE05EE1C3D5EB60063D0A6;
			productRefGroup = 2DDE05F81C3D5EB60063D0A6 /* Products */;
			projectDirPath = "";
			projectRoot = "";
			targets = (
				2DDE05F61C3D5EB60063D0A6 /* tips */,
			);
		};
/* End PBXProject section */

/* Begin PBXResourcesBuildPhase section */
		2DDE05F51C3D5EB60063D0A6 /* Resources */ = {
			isa = PBXResourcesBuildPhase;
			buildActionMask = 2147483647;
			files = (
				2DDE06051C3D5EB60063D0A6 /* LaunchScreen.storyboard in Resources */,
				2DDE06021C3D5EB60063D0A6 /* Assets.xcassets in Resources */,
				2DDE06001C3D5EB60063D0A6 /* Main.storyboard in Resources */,
			);
			runOnlyForDeploymentPostprocessing = 0;
		};
/* End PBXResourcesBuildPhase section */

/* Begin PBXSourcesBuildPhase section */
		2DDE05F31C3D5EB60063D0A6 /* Sources */ = {
			isa = PBXSourcesBuildPhase;
			buildActionMask = 2147483647;
			files = (
				2DDE060F1C3D83EA0063D0A6 /* MainViewController.swift in Sources */,
				2DDE06151C3DAF1D0063D0A6 /* UserPreference.swift in Sources */,
				2DDE05FB1C3D5EB60063D0A6 /* AppDelegate.swift in Sources */,
			);
			runOnlyForDeploymentPostprocessing = 0;
		};
/* End PBXSourcesBuildPhase section */

/* Begin PBXVariantGroup section */
		2DDE05FE1C3D5EB60063D0A6 /* Main.storyboard */ = {
			isa = PBXVariantGroup;
			children = (
				2DDE05FF1C3D5EB60063D0A6 /* Base */,
			);
			name = Main.storyboard;
			sourceTree = "<group>";
		};
		2DDE06031C3D5EB60063D0A6 /* LaunchScreen.storyboard */ = {
			isa = PBXVariantGroup;
			children = (
				2DDE06041C3D5EB60063D0A6 /* Base */,
			);
			name = LaunchScreen.storyboard;
			sourceTree = "<group>";
		};
/* End PBXVariantGroup section */

/* Begin XCBuildConfiguration section */
		2DDE06071C3D5EB60063D0A6 /* Debug */ = {
			isa = XCBuildConfiguration;
			buildSettings = {
				ALWAYS_SEARCH_USER_PATHS = NO;
				CLANG_CXX_LANGUAGE_STANDARD = "gnu++0x";
				CLANG_CXX_LIBRARY = "libc++";
				CLANG_ENABLE_MODULES = YES;
				CLANG_ENABLE_OBJC_ARC = YES;
				CLANG_WARN_BOOL_CONVERSION = YES;
				CLANG_WARN_CONSTANT_CONVERSION = YES;
				CLANG_WARN_DIRECT_OBJC_ISA_USAGE = YES_ERROR;
				CLANG_WARN_EMPTY_BODY = YES;
				CLANG_WARN_ENUM_CONVERSION = YES;
				CLANG_WARN_INT_CONVERSION = YES;
				CLANG_WARN_OBJC_ROOT_CLASS = YES_ERROR;
				CLANG_WARN_UNREACHABLE_CODE = YES;
				CLANG_WARN__DUPLICATE_METHOD_MATCH = YES;
				"CODE_SIGN_IDENTITY[sdk=iphoneos*]" = "iPhone Developer";
				COPY_PHASE_STRIP = NO;
				DEBUG_INFORMATION_FORMAT = dwarf;
				ENABLE_STRICT_OBJC_MSGSEND = YES;
				ENABLE_TESTABILITY = YES;
				GCC_C_LANGUAGE_STANDARD = gnu99;
				GCC_DYNAMIC_NO_PIC = NO;
				GCC_NO_COMMON_BLOCKS = YES;
				GCC_OPTIMIZATION_LEVEL = 0;
				GCC_PREPROCESSOR_DEFINITIONS = (
					"DEBUG=1",
					"$(inherited)",
				);
				GCC_WARN_64_TO_32_BIT_CONVERSION = YES;
				GCC_WARN_ABOUT_RETURN_TYPE = YES_ERROR;
				GCC_WARN_UNDECLARED_SELECTOR = YES;
				GCC_WARN_UNINITIALIZED_AUTOS = YES_AGGRESSIVE;
				GCC_WARN_UNUSED_FUNCTION = YES;
				GCC_WARN_UNUSED_VARIABLE = YES;
				IPHONEOS_DEPLOYMENT_TARGET = 9.2;
				MTL_ENABLE_DEBUG_INFO = YES;
				ONLY_ACTIVE_ARCH = YES;
				SDKROOT = iphoneos;
				SWIFT_OPTIMIZATION_LEVEL = "-Onone";
			};
			name = Debug;
		};
		2DDE06081C3D5EB60063D0A6 /* Release */ = {
			isa = XCBuildConfiguration;
			buildSettings = {
				ALWAYS_SEARCH_USER_PATHS = NO;
				CLANG_CXX_LANGUAGE_STANDARD = "gnu++0x";
				CLANG_CXX_LIBRARY = "libc++";
				CLANG_ENABLE_MODULES = YES;
				CLANG_ENABLE_OBJC_ARC = YES;
				CLANG_WARN_BOOL_CONVERSION = YES;
				CLANG_WARN_CONSTANT_CONVERSION = YES;
				CLANG_WARN_DIRECT_OBJC_ISA_USAGE = YES_ERROR;
				CLANG_WARN_EMPTY_BODY = YES;
				CLANG_WARN_ENUM_CONVERSION = YES;
				CLANG_WARN_INT_CONVERSION = YES;
				CLANG_WARN_OBJC_ROOT_CLASS = YES_ERROR;
				CLANG_WARN_UNREACHABLE_CODE = YES;
				CLANG_WARN__DUPLICATE_METHOD_MATCH = YES;
				"CODE_SIGN_IDENTITY[sdk=iphoneos*]" = "iPhone Developer";
				COPY_PHASE_STRIP = NO;
				DEBUG_INFORMATION_FORMAT = "dwarf-with-dsym";
				ENABLE_NS_ASSERTIONS = NO;
				ENABLE_STRICT_OBJC_MSGSEND = YES;
				GCC_C_LANGUAGE_STANDARD = gnu99;
				GCC_NO_COMMON_BLOCKS = YES;
				GCC_WARN_64_TO_32_BIT_CONVERSION = YES;
				GCC_WARN_ABOUT_RETURN_TYPE = YES_ERROR;
				GCC_WARN_UNDECLARED_SELECTOR = YES;
				GCC_WARN_UNINITIALIZED_AUTOS = YES_AGGRESSIVE;
				GCC_WARN_UNUSED_FUNCTION = YES;
				GCC_WARN_UNUSED_VARIABLE = YES;
				IPHONEOS_DEPLOYMENT_TARGET = 9.2;
				MTL_ENABLE_DEBUG_INFO = NO;
				SDKROOT = iphoneos;
				VALIDATE_PRODUCT = YES;
			};
			name = Release;
		};
		2DDE060A1C3D5EB60063D0A6 /* Debug */ = {
			isa = XCBuildConfiguration;
			buildSettings = {
				ASSETCATALOG_COMPILER_APPICON_NAME = AppIcon;
				INFOPLIST_FILE = tips/Info.plist;
				LD_RUNPATH_SEARCH_PATHS = "$(inherited) @executable_path/Frameworks";
				PRODUCT_BUNDLE_IDENTIFIER = "com.matthis-perrin.tips";
				PRODUCT_NAME = "$(TARGET_NAME)";
			};
			name = Debug;
		};
		2DDE060B1C3D5EB60063D0A6 /* Release */ = {
			isa = XCBuildConfiguration;
			buildSettings = {
				ASSETCATALOG_COMPILER_APPICON_NAME = AppIcon;
				INFOPLIST_FILE = tips/Info.plist;
				LD_RUNPATH_SEARCH_PATHS = "$(inherited) @executable_path/Frameworks";
				PRODUCT_BUNDLE_IDENTIFIER = "com.matthis-perrin.tips";
				PRODUCT_NAME = "$(TARGET_NAME)";
			};
			name = Release;
		};
/* End XCBuildConfiguration section */

/* Begin XCConfigurationList section */
		2DDE05F21C3D5EB60063D0A6 /* Build configuration list for PBXProject "tips" */ = {
			isa = XCConfigurationList;
			buildConfigurations = (
				2DDE06071C3D5EB60063D0A6 /* Debug */,
				2DDE06081C3D5EB60063D0A6 /* Release */,
			);
			defaultConfigurationIsVisible = 0;
			defaultConfigurationName = Release;
		};
		2DDE06091C3D5EB60063D0A6 /* Build configuration list for PBXNativeTarget "tips" */ = {
			isa = XCConfigurationList;
			buildConfigurations = (
				2DDE060A1C3D5EB60063D0A6 /* Debug */,
				2DDE060B1C3D5EB60063D0A6 /* Release */,
			);
			defaultConfigurationIsVisible = 0;
			defaultConfigurationName = Release;
		};
/* End XCConfigurationList section */
	};
	rootObject = 2DDE05EF1C3D5EB60063D0A6 /* Project object */;
}
